// !$*UTF8*$!
{
	archiveVersion = 1;
	classes = {
	};
	objectVersion = 56;
	objects = {

/* Begin PBXBuildFile section */
		CE0D6FE52B7D342300650355 /* ding.wav in Resources */ = {isa = PBXBuildFile; fileRef = CE0D6FE42B7D342300650355 /* ding.wav */; };
		CE0D6FE72B7D346100650355 /* ScrumProgressViewStyle.swift in Sources */ = {isa = PBXBuildFile; fileRef = CE0D6FE62B7D346100650355 /* ScrumProgressViewStyle.swift */; };
		CE0D6FEA2B7E439000650355 /* ScrumTimer.swift in Sources */ = {isa = PBXBuildFile; fileRef = CE0D6FE92B7E439000650355 /* ScrumTimer.swift */; };
		CE0D6FEE2B7E590500650355 /* MeetingFooterView.swift in Sources */ = {isa = PBXBuildFile; fileRef = CE0D6FED2B7E590500650355 /* MeetingFooterView.swift */; };
		CE0D6FF02B7E673600650355 /* DingAVPlayer.swift in Sources */ = {isa = PBXBuildFile; fileRef = CE0D6FEF2B7E673600650355 /* DingAVPlayer.swift */; };
		CE0D6FF22B7E70B000650355 /* NewScrumSheet.swift in Sources */ = {isa = PBXBuildFile; fileRef = CE0D6FF12B7E70B000650355 /* NewScrumSheet.swift */; };
		CE3381292B79214700491CB8 /* DailyScrum.swift in Sources */ = {isa = PBXBuildFile; fileRef = CE3381282B79214700491CB8 /* DailyScrum.swift */; };
		CE33812D2B7922B100491CB8 /* CardView.swift in Sources */ = {isa = PBXBuildFile; fileRef = CE33812C2B7922B100491CB8 /* CardView.swift */; };
		CE33812F2B79308D00491CB8 /* TrailingIconLabelStyle.swift in Sources */ = {isa = PBXBuildFile; fileRef = CE33812E2B79308D00491CB8 /* TrailingIconLabelStyle.swift */; };
		CE3381332B79372300491CB8 /* ScrumsView.swift in Sources */ = {isa = PBXBuildFile; fileRef = CE3381322B79372300491CB8 /* ScrumsView.swift */; };
		CE7EC4D12B768AD100E5E26F /* SCRUMTrackApp.swift in Sources */ = {isa = PBXBuildFile; fileRef = CE7EC4D02B768AD100E5E26F /* SCRUMTrackApp.swift */; };
		CE7EC4D32B768AD100E5E26F /* MeetingView.swift in Sources */ = {isa = PBXBuildFile; fileRef = CE7EC4D22B768AD100E5E26F /* MeetingView.swift */; };
		CE7EC4D52B768ADA00E5E26F /* Assets.xcassets in Resources */ = {isa = PBXBuildFile; fileRef = CE7EC4D42B768ADA00E5E26F /* Assets.xcassets */; };
		CE7EC4D82B768ADA00E5E26F /* Preview Assets.xcassets in Resources */ = {isa = PBXBuildFile; fileRef = CE7EC4D72B768ADA00E5E26F /* Preview Assets.xcassets */; };
		CE7EC4E02B791EAB00E5E26F /* Theme.swift in Sources */ = {isa = PBXBuildFile; fileRef = CE7EC4DF2B791EAB00E5E26F /* Theme.swift */; };
		CECC50192B7A6845009DEFF4 /* DetailView.swift in Sources */ = {isa = PBXBuildFile; fileRef = CECC50182B7A6845009DEFF4 /* DetailView.swift */; };
		CECC501B2B7BA0EC009DEFF4 /* DetailEditView.swift in Sources */ = {isa = PBXBuildFile; fileRef = CECC501A2B7BA0EC009DEFF4 /* DetailEditView.swift */; };
		CECC501D2B7BEB6B009DEFF4 /* ThemeView.swift in Sources */ = {isa = PBXBuildFile; fileRef = CECC501C2B7BEB6B009DEFF4 /* ThemeView.swift */; };
		CECC501F2B7BF1D3009DEFF4 /* ThemePicker.swift in Sources */ = {isa = PBXBuildFile; fileRef = CECC501E2B7BF1D3009DEFF4 /* ThemePicker.swift */; };
		CECC50212B7D232B009DEFF4 /* MeetingHeaderView.swift in Sources */ = {isa = PBXBuildFile; fileRef = CECC50202B7D232B009DEFF4 /* MeetingHeaderView.swift */; };
/* End PBXBuildFile section */

/* Begin PBXFileReference section */
		CE0D6FE42B7D342300650355 /* ding.wav */ = {isa = PBXFileReference; lastKnownFileType = audio.wav; path = ding.wav; sourceTree = "<group>"; };
		CE0D6FE62B7D346100650355 /* ScrumProgressViewStyle.swift */ = {isa = PBXFileReference; lastKnownFileType = sourcecode.swift; path = ScrumProgressViewStyle.swift; sourceTree = "<group>"; };
		CE0D6FE92B7E439000650355 /* ScrumTimer.swift */ = {isa = PBXFileReference; lastKnownFileType = sourcecode.swift; path = ScrumTimer.swift; sourceTree = "<group>"; };
		CE0D6FED2B7E590500650355 /* MeetingFooterView.swift */ = {isa = PBXFileReference; lastKnownFileType = sourcecode.swift; path = MeetingFooterView.swift; sourceTree = "<group>"; };
		CE0D6FEF2B7E673600650355 /* DingAVPlayer.swift */ = {isa = PBXFileReference; lastKnownFileType = sourcecode.swift; path = DingAVPlayer.swift; sourceTree = "<group>"; };
		CE0D6FF12B7E70B000650355 /* NewScrumSheet.swift */ = {isa = PBXFileReference; lastKnownFileType = sourcecode.swift; path = NewScrumSheet.swift; sourceTree = "<group>"; };
		CE3381282B79214700491CB8 /* DailyScrum.swift */ = {isa = PBXFileReference; lastKnownFileType = sourcecode.swift; path = DailyScrum.swift; sourceTree = "<group>"; };
		CE33812C2B7922B100491CB8 /* CardView.swift */ = {isa = PBXFileReference; lastKnownFileType = sourcecode.swift; path = CardView.swift; sourceTree = "<group>"; };
		CE33812E2B79308D00491CB8 /* TrailingIconLabelStyle.swift */ = {isa = PBXFileReference; lastKnownFileType = sourcecode.swift; path = TrailingIconLabelStyle.swift; sourceTree = "<group>"; };
		CE3381322B79372300491CB8 /* ScrumsView.swift */ = {isa = PBXFileReference; lastKnownFileType = sourcecode.swift; path = ScrumsView.swift; sourceTree = "<group>"; };
		CE7EC4CD2B768AD100E5E26F /* SCRUMTrack.app */ = {isa = PBXFileReference; explicitFileType = wrapper.application; includeInIndex = 0; path = SCRUMTrack.app; sourceTree = BUILT_PRODUCTS_DIR; };
		CE7EC4D02B768AD100E5E26F /* SCRUMTrackApp.swift */ = {isa = PBXFileReference; lastKnownFileType = sourcecode.swift; path = SCRUMTrackApp.swift; sourceTree = "<group>"; };
		CE7EC4D22B768AD100E5E26F /* MeetingView.swift */ = {isa = PBXFileReference; lastKnownFileType = sourcecode.swift; path = MeetingView.swift; sourceTree = "<group>"; };
		CE7EC4D42B768ADA00E5E26F /* Assets.xcassets */ = {isa = PBXFileReference; lastKnownFileType = folder.assetcatalog; path = Assets.xcassets; sourceTree = "<group>"; };
		CE7EC4D72B768ADA00E5E26F /* Preview Assets.xcassets */ = {isa = PBXFileReference; lastKnownFileType = folder.assetcatalog; path = "Preview Assets.xcassets"; sourceTree = "<group>"; };
		CE7EC4DF2B791EAB00E5E26F /* Theme.swift */ = {isa = PBXFileReference; lastKnownFileType = sourcecode.swift; path = Theme.swift; sourceTree = "<group>"; };
		CECC50182B7A6845009DEFF4 /* DetailView.swift */ = {isa = PBXFileReference; lastKnownFileType = sourcecode.swift; path = DetailView.swift; sourceTree = "<group>"; };
		CECC501A2B7BA0EC009DEFF4 /* DetailEditView.swift */ = {isa = PBXFileReference; lastKnownFileType = sourcecode.swift; path = DetailEditView.swift; sourceTree = "<group>"; };
		CECC501C2B7BEB6B009DEFF4 /* ThemeView.swift */ = {isa = PBXFileReference; lastKnownFileType = sourcecode.swift; path = ThemeView.swift; sourceTree = "<group>"; };
		CECC501E2B7BF1D3009DEFF4 /* ThemePicker.swift */ = {isa = PBXFileReference; lastKnownFileType = sourcecode.swift; path = ThemePicker.swift; sourceTree = "<group>"; };
		CECC50202B7D232B009DEFF4 /* MeetingHeaderView.swift */ = {isa = PBXFileReference; lastKnownFileType = sourcecode.swift; path = MeetingHeaderView.swift; sourceTree = "<group>"; };
/* End PBXFileReference section */

/* Begin PBXFrameworksBuildPhase section */
		CE7EC4CA2B768AD100E5E26F /* Frameworks */ = {
			isa = PBXFrameworksBuildPhase;
			buildActionMask = 2147483647;
			files = (
			);
			runOnlyForDeploymentPostprocessing = 0;
		};
/* End PBXFrameworksBuildPhase section */

/* Begin PBXGroup section */
		CE0D6FE32B7D33FC00650355 /* Resources */ = {
			isa = PBXGroup;
			children = (
				CE0D6FE42B7D342300650355 /* ding.wav */,
			);
			path = Resources;
			sourceTree = "<group>";
		};
		CE0D6FE82B7D385500650355 /* Views */ = {
			isa = PBXGroup;
			children = (
				CE3381322B79372300491CB8 /* ScrumsView.swift */,
				CE0D6FF12B7E70B000650355 /* NewScrumSheet.swift */,
				CE7EC4D22B768AD100E5E26F /* MeetingView.swift */,
				CEE93EAF2B7F88C8005ECED0 /* Subviews */,
				CECC50182B7A6845009DEFF4 /* DetailView.swift */,
				CECC501A2B7BA0EC009DEFF4 /* DetailEditView.swift */,
			);
			path = Views;
			sourceTree = "<group>";
		};
		CE7EC4C42B768AD100E5E26F = {
			isa = PBXGroup;
			children = (
				CE7EC4CF2B768AD100E5E26F /* SCRUMTrack */,
				CE7EC4CE2B768AD100E5E26F /* Products */,
			);
			sourceTree = "<group>";
		};
		CE7EC4CE2B768AD100E5E26F /* Products */ = {
			isa = PBXGroup;
			children = (
				CE7EC4CD2B768AD100E5E26F /* SCRUMTrack.app */,
			);
			name = Products;
			sourceTree = "<group>";
		};
		CE7EC4CF2B768AD100E5E26F /* SCRUMTrack */ = {
			isa = PBXGroup;
			children = (
				CE7EC4DE2B791E8F00E5E26F /* Models */,
				CE0D6FE82B7D385500650355 /* Views */,
				CE7EC4D02B768AD100E5E26F /* SCRUMTrackApp.swift */,
				CE0D6FE32B7D33FC00650355 /* Resources */,
				CE7EC4D42B768ADA00E5E26F /* Assets.xcassets */,
				CE7EC4D62B768ADA00E5E26F /* Preview Content */,
			);
			path = SCRUMTrack;
			sourceTree = "<group>";
		};
		CE7EC4D62B768ADA00E5E26F /* Preview Content */ = {
			isa = PBXGroup;
			children = (
				CE7EC4D72B768ADA00E5E26F /* Preview Assets.xcassets */,
			);
			path = "Preview Content";
			sourceTree = "<group>";
		};
		CE7EC4DE2B791E8F00E5E26F /* Models */ = {
			isa = PBXGroup;
			children = (
				CE7EC4DF2B791EAB00E5E26F /* Theme.swift */,
				CE3381282B79214700491CB8 /* DailyScrum.swift */,
				CE0D6FE92B7E439000650355 /* ScrumTimer.swift */,
				CE0D6FEF2B7E673600650355 /* DingAVPlayer.swift */,
			);
			path = Models;
			sourceTree = "<group>";
		};
		CEE93EAF2B7F88C8005ECED0 /* Subviews */ = {
			isa = PBXGroup;
			children = (
				CECC50202B7D232B009DEFF4 /* MeetingHeaderView.swift */,
				CE0D6FED2B7E590500650355 /* MeetingFooterView.swift */,
				CE0D6FE62B7D346100650355 /* ScrumProgressViewStyle.swift */,
				CE33812C2B7922B100491CB8 /* CardView.swift */,
				CECC501C2B7BEB6B009DEFF4 /* ThemeView.swift */,
				CECC501E2B7BF1D3009DEFF4 /* ThemePicker.swift */,
				CE33812E2B79308D00491CB8 /* TrailingIconLabelStyle.swift */,
			);
			path = Subviews;
			sourceTree = "<group>";
		};
/* End PBXGroup section */

/* Begin PBXNativeTarget section */
		CE7EC4CC2B768AD100E5E26F /* SCRUMTrack */ = {
			isa = PBXNativeTarget;
			buildConfigurationList = CE7EC4DB2B768ADA00E5E26F /* Build configuration list for PBXNativeTarget "SCRUMTrack" */;
			buildPhases = (
				CE7EC4C92B768AD100E5E26F /* Sources */,
				CE7EC4CA2B768AD100E5E26F /* Frameworks */,
				CE7EC4CB2B768AD100E5E26F /* Resources */,
			);
			buildRules = (
			);
			dependencies = (
			);
			name = SCRUMTrack;
			productName = SCRUMTrack;
			productReference = CE7EC4CD2B768AD100E5E26F /* SCRUMTrack.app */;
			productType = "com.apple.product-type.application";
		};
/* End PBXNativeTarget section */

/* Begin PBXProject section */
		CE7EC4C52B768AD100E5E26F /* Project object */ = {
			isa = PBXProject;
			attributes = {
				BuildIndependentTargetsInParallel = 1;
				LastSwiftUpdateCheck = 1520;
				LastUpgradeCheck = 1520;
				TargetAttributes = {
					CE7EC4CC2B768AD100E5E26F = {
						CreatedOnToolsVersion = 15.2;
					};
				};
			};
			buildConfigurationList = CE7EC4C82B768AD100E5E26F /* Build configuration list for PBXProject "SCRUMTrack" */;
			compatibilityVersion = "Xcode 14.0";
			developmentRegion = en;
			hasScannedForEncodings = 0;
			knownRegions = (
				en,
				Base,
			);
			mainGroup = CE7EC4C42B768AD100E5E26F;
			productRefGroup = CE7EC4CE2B768AD100E5E26F /* Products */;
			projectDirPath = "";
			projectRoot = "";
			targets = (
				CE7EC4CC2B768AD100E5E26F /* SCRUMTrack */,
			);
		};
/* End PBXProject section */

/* Begin PBXResourcesBuildPhase section */
		CE7EC4CB2B768AD100E5E26F /* Resources */ = {
			isa = PBXResourcesBuildPhase;
			buildActionMask = 2147483647;
			files = (
				CE0D6FE52B7D342300650355 /* ding.wav in Resources */,
				CE7EC4D82B768ADA00E5E26F /* Preview Assets.xcassets in Resources */,
				CE7EC4D52B768ADA00E5E26F /* Assets.xcassets in Resources */,
			);
			runOnlyForDeploymentPostprocessing = 0;
		};
/* End PBXResourcesBuildPhase section */

/* Begin PBXSourcesBuildPhase section */
		CE7EC4C92B768AD100E5E26F /* Sources */ = {
			isa = PBXSourcesBuildPhase;
			buildActionMask = 2147483647;
			files = (
				CECC501F2B7BF1D3009DEFF4 /* ThemePicker.swift in Sources */,
				CE0D6FE72B7D346100650355 /* ScrumProgressViewStyle.swift in Sources */,
				CE0D6FEE2B7E590500650355 /* MeetingFooterView.swift in Sources */,
				CE0D6FF02B7E673600650355 /* DingAVPlayer.swift in Sources */,
				CE0D6FEA2B7E439000650355 /* ScrumTimer.swift in Sources */,
				CE3381292B79214700491CB8 /* DailyScrum.swift in Sources */,
				CECC50192B7A6845009DEFF4 /* DetailView.swift in Sources */,
				CECC50212B7D232B009DEFF4 /* MeetingHeaderView.swift in Sources */,
				CE0D6FF22B7E70B000650355 /* NewScrumSheet.swift in Sources */,
				CECC501B2B7BA0EC009DEFF4 /* DetailEditView.swift in Sources */,
				CE33812F2B79308D00491CB8 /* TrailingIconLabelStyle.swift in Sources */,
				CE7EC4E02B791EAB00E5E26F /* Theme.swift in Sources */,
				CE3381332B79372300491CB8 /* ScrumsView.swift in Sources */,
				CE7EC4D32B768AD100E5E26F /* MeetingView.swift in Sources */,
				CE7EC4D12B768AD100E5E26F /* SCRUMTrackApp.swift in Sources */,
				CECC501D2B7BEB6B009DEFF4 /* ThemeView.swift in Sources */,
				CE33812D2B7922B100491CB8 /* CardView.swift in Sources */,
			);
			runOnlyForDeploymentPostprocessing = 0;
		};
/* End PBXSourcesBuildPhase section */

/* Begin XCBuildConfiguration section */
		CE7EC4D92B768ADA00E5E26F /* Debug */ = {
			isa = XCBuildConfiguration;
			buildSettings = {
				ALWAYS_SEARCH_USER_PATHS = NO;
				ASSETCATALOG_COMPILER_GENERATE_SWIFT_ASSET_SYMBOL_EXTENSIONS = YES;
				CLANG_ANALYZER_NONNULL = YES;
				CLANG_ANALYZER_NUMBER_OBJECT_CONVERSION = YES_AGGRESSIVE;
				CLANG_CXX_LANGUAGE_STANDARD = "gnu++20";
				CLANG_ENABLE_MODULES = YES;
				CLANG_ENABLE_OBJC_ARC = YES;
				CLANG_ENABLE_OBJC_WEAK = YES;
				CLANG_WARN_BLOCK_CAPTURE_AUTORELEASING = YES;
				CLANG_WARN_BOOL_CONVERSION = YES;
				CLANG_WARN_COMMA = YES;
				CLANG_WARN_CONSTANT_CONVERSION = YES;
				CLANG_WARN_DEPRECATED_OBJC_IMPLEMENTATIONS = YES;
				CLANG_WARN_DIRECT_OBJC_ISA_USAGE = YES_ERROR;
				CLANG_WARN_DOCUMENTATION_COMMENTS = YES;
				CLANG_WARN_EMPTY_BODY = YES;
				CLANG_WARN_ENUM_CONVERSION = YES;
				CLANG_WARN_INFINITE_RECURSION = YES;
				CLANG_WARN_INT_CONVERSION = YES;
				CLANG_WARN_NON_LITERAL_NULL_CONVERSION = YES;
				CLANG_WARN_OBJC_IMPLICIT_RETAIN_SELF = YES;
				CLANG_WARN_OBJC_LITERAL_CONVERSION = YES;
				CLANG_WARN_OBJC_ROOT_CLASS = YES_ERROR;
				CLANG_WARN_QUOTED_INCLUDE_IN_FRAMEWORK_HEADER = YES;
				CLANG_WARN_RANGE_LOOP_ANALYSIS = YES;
				CLANG_WARN_STRICT_PROTOTYPES = YES;
				CLANG_WARN_SUSPICIOUS_MOVE = YES;
				CLANG_WARN_UNGUARDED_AVAILABILITY = YES_AGGRESSIVE;
				CLANG_WARN_UNREACHABLE_CODE = YES;
				CLANG_WARN__DUPLICATE_METHOD_MATCH = YES;
				COPY_PHASE_STRIP = NO;
				DEBUG_INFORMATION_FORMAT = dwarf;
				ENABLE_STRICT_OBJC_MSGSEND = YES;
				ENABLE_TESTABILITY = YES;
				ENABLE_USER_SCRIPT_SANDBOXING = YES;
				GCC_C_LANGUAGE_STANDARD = gnu17;
				GCC_DYNAMIC_NO_PIC = NO;
				GCC_NO_COMMON_BLOCKS = YES;
				GCC_OPTIMIZATION_LEVEL = 0;
				GCC_PREPROCESSOR_DEFINITIONS = (
					"DEBUG=1",
					"$(inherited)",
				);
				GCC_WARN_64_TO_32_BIT_CONVERSION = YES;
				GCC_WARN_ABOUT_RETURN_TYPE = YES_ERROR;
				GCC_WARN_UNDECLARED_SELECTOR = YES;
				GCC_WARN_UNINITIALIZED_AUTOS = YES_AGGRESSIVE;
				GCC_WARN_UNUSED_FUNCTION = YES;
				GCC_WARN_UNUSED_VARIABLE = YES;
				IPHONEOS_DEPLOYMENT_TARGET = 17.2;
				LOCALIZATION_PREFERS_STRING_CATALOGS = YES;
				MTL_ENABLE_DEBUG_INFO = INCLUDE_SOURCE;
				MTL_FAST_MATH = YES;
				ONLY_ACTIVE_ARCH = YES;
				SDKROOT = iphoneos;
				SWIFT_ACTIVE_COMPILATION_CONDITIONS = "DEBUG $(inherited)";
				SWIFT_OPTIMIZATION_LEVEL = "-Onone";
			};
			name = Debug;
		};
		CE7EC4DA2B768ADA00E5E26F /* Release */ = {
			isa = XCBuildConfiguration;
			buildSettings = {
				ALWAYS_SEARCH_USER_PATHS = NO;
				ASSETCATALOG_COMPILER_GENERATE_SWIFT_ASSET_SYMBOL_EXTENSIONS = YES;
				CLANG_ANALYZER_NONNULL = YES;
				CLANG_ANALYZER_NUMBER_OBJECT_CONVERSION = YES_AGGRESSIVE;
				CLANG_CXX_LANGUAGE_STANDARD = "gnu++20";
				CLANG_ENABLE_MODULES = YES;
				CLANG_ENABLE_OBJC_ARC = YES;
				CLANG_ENABLE_OBJC_WEAK = YES;
				CLANG_WARN_BLOCK_CAPTURE_AUTORELEASING = YES;
				CLANG_WARN_BOOL_CONVERSION = YES;
				CLANG_WARN_COMMA = YES;
				CLANG_WARN_CONSTANT_CONVERSION = YES;
				CLANG_WARN_DEPRECATED_OBJC_IMPLEMENTATIONS = YES;
				CLANG_WARN_DIRECT_OBJC_ISA_USAGE = YES_ERROR;
				CLANG_WARN_DOCUMENTATION_COMMENTS = YES;
				CLANG_WARN_EMPTY_BODY = YES;
				CLANG_WARN_ENUM_CONVERSION = YES;
				CLANG_WARN_INFINITE_RECURSION = YES;
				CLANG_WARN_INT_CONVERSION = YES;
				CLANG_WARN_NON_LITERAL_NULL_CONVERSION = YES;
				CLANG_WARN_OBJC_IMPLICIT_RETAIN_SELF = YES;
				CLANG_WARN_OBJC_LITERAL_CONVERSION = YES;
				CLANG_WARN_OBJC_ROOT_CLASS = YES_ERROR;
				CLANG_WARN_QUOTED_INCLUDE_IN_FRAMEWORK_HEADER = YES;
				CLANG_WARN_RANGE_LOOP_ANALYSIS = YES;
				CLANG_WARN_STRICT_PROTOTYPES = YES;
				CLANG_WARN_SUSPICIOUS_MOVE = YES;
				CLANG_WARN_UNGUARDED_AVAILABILITY = YES_AGGRESSIVE;
				CLANG_WARN_UNREACHABLE_CODE = YES;
				CLANG_WARN__DUPLICATE_METHOD_MATCH = YES;
				COPY_PHASE_STRIP = NO;
				DEBUG_INFORMATION_FORMAT = "dwarf-with-dsym";
				ENABLE_NS_ASSERTIONS = NO;
				ENABLE_STRICT_OBJC_MSGSEND = YES;
				ENABLE_USER_SCRIPT_SANDBOXING = YES;
				GCC_C_LANGUAGE_STANDARD = gnu17;
				GCC_NO_COMMON_BLOCKS = YES;
				GCC_WARN_64_TO_32_BIT_CONVERSION = YES;
				GCC_WARN_ABOUT_RETURN_TYPE = YES_ERROR;
				GCC_WARN_UNDECLARED_SELECTOR = YES;
				GCC_WARN_UNINITIALIZED_AUTOS = YES_AGGRESSIVE;
				GCC_WARN_UNUSED_FUNCTION = YES;
				GCC_WARN_UNUSED_VARIABLE = YES;
				IPHONEOS_DEPLOYMENT_TARGET = 17.2;
				LOCALIZATION_PREFERS_STRING_CATALOGS = YES;
				MTL_ENABLE_DEBUG_INFO = NO;
				MTL_FAST_MATH = YES;
				SDKROOT = iphoneos;
				SWIFT_COMPILATION_MODE = wholemodule;
				VALIDATE_PRODUCT = YES;
			};
			name = Release;
		};
		CE7EC4DC2B768ADA00E5E26F /* Debug */ = {
			isa = XCBuildConfiguration;
			buildSettings = {
				ASSETCATALOG_COMPILER_APPICON_NAME = AppIcon;
				ASSETCATALOG_COMPILER_GLOBAL_ACCENT_COLOR_NAME = AccentColor;
				CODE_SIGN_STYLE = Automatic;
				CURRENT_PROJECT_VERSION = 1;
				DEVELOPMENT_ASSET_PATHS = "\"SCRUMTrack/Preview Content\"";
				DEVELOPMENT_TEAM = TWWBX6RB4S;
				ENABLE_PREVIEWS = YES;
				GENERATE_INFOPLIST_FILE = YES;
				INFOPLIST_KEY_UIApplicationSceneManifest_Generation = YES;
				INFOPLIST_KEY_UIApplicationSupportsIndirectInputEvents = YES;
				INFOPLIST_KEY_UILaunchScreen_Generation = YES;
				INFOPLIST_KEY_UISupportedInterfaceOrientations_iPad = "UIInterfaceOrientationPortrait UIInterfaceOrientationPortraitUpsideDown UIInterfaceOrientationLandscapeLeft UIInterfaceOrientationLandscapeRight";
				INFOPLIST_KEY_UISupportedInterfaceOrientations_iPhone = "UIInterfaceOrientationPortrait UIInterfaceOrientationLandscapeLeft UIInterfaceOrientationLandscapeRight";
				LD_RUNPATH_SEARCH_PATHS = (
					"$(inherited)",
					"@executable_path/Frameworks",
				);
				MARKETING_VERSION = 1.0;
				PRODUCT_BUNDLE_IDENTIFIER = com.markKovalchuk.SCRUMTrack;
				PRODUCT_NAME = "$(TARGET_NAME)";
				SWIFT_EMIT_LOC_STRINGS = YES;
				SWIFT_VERSION = 5.0;
				TARGETED_DEVICE_FAMILY = "1,2";
			};
			name = Debug;
		};
		CE7EC4DD2B768ADA00E5E26F /* Release */ = {
			isa = XCBuildConfiguration;
			buildSettings = {
				ASSETCATALOG_COMPILER_APPICON_NAME = AppIcon;
				ASSETCATALOG_COMPILER_GLOBAL_ACCENT_COLOR_NAME = AccentColor;
				CODE_SIGN_STYLE = Automatic;
				CURRENT_PROJECT_VERSION = 1;
				DEVELOPMENT_ASSET_PATHS = "\"SCRUMTrack/Preview Content\"";
				DEVELOPMENT_TEAM = TWWBX6RB4S;
				ENABLE_PREVIEWS = YES;
				GENERATE_INFOPLIST_FILE = YES;
				INFOPLIST_KEY_UIApplicationSceneManifest_Generation = YES;
				INFOPLIST_KEY_UIApplicationSupportsIndirectInputEvents = YES;
				INFOPLIST_KEY_UILaunchScreen_Generation = YES;
				INFOPLIST_KEY_UISupportedInterfaceOrientations_iPad = "UIInterfaceOrientationPortrait UIInterfaceOrientationPortraitUpsideDown UIInterfaceOrientationLandscapeLeft UIInterfaceOrientationLandscapeRight";
				INFOPLIST_KEY_UISupportedInterfaceOrientations_iPhone = "UIInterfaceOrientationPortrait UIInterfaceOrientationLandscapeLeft UIInterfaceOrientationLandscapeRight";
				LD_RUNPATH_SEARCH_PATHS = (
					"$(inherited)",
					"@executable_path/Frameworks",
				);
				MARKETING_VERSION = 1.0;
				PRODUCT_BUNDLE_IDENTIFIER = com.markKovalchuk.SCRUMTrack;
				PRODUCT_NAME = "$(TARGET_NAME)";
				SWIFT_EMIT_LOC_STRINGS = YES;
				SWIFT_VERSION = 5.0;
				TARGETED_DEVICE_FAMILY = "1,2";
			};
			name = Release;
		};
/* End XCBuildConfiguration section */

/* Begin XCConfigurationList section */
		CE7EC4C82B768AD100E5E26F /* Build configuration list for PBXProject "SCRUMTrack" */ = {
			isa = XCConfigurationList;
			buildConfigurations = (
				CE7EC4D92B768ADA00E5E26F /* Debug */,
				CE7EC4DA2B768ADA00E5E26F /* Release */,
			);
			defaultConfigurationIsVisible = 0;
			defaultConfigurationName = Release;
		};
		CE7EC4DB2B768ADA00E5E26F /* Build configuration list for PBXNativeTarget "SCRUMTrack" */ = {
			isa = XCConfigurationList;
			buildConfigurations = (
				CE7EC4DC2B768ADA00E5E26F /* Debug */,
				CE7EC4DD2B768ADA00E5E26F /* Release */,
			);
			defaultConfigurationIsVisible = 0;
			defaultConfigurationName = Release;
		};
/* End XCConfigurationList section */
	};
	rootObject = CE7EC4C52B768AD100E5E26F /* Project object */;
}
